
Microsoft Visual Studio Solution File, Format Version 12.00
# Visual Studio 15
VisualStudioVersion = 15.0.28307.1500
MinimumVisualStudioVersion = 10.0.40219.1
Project("{8BC9CEB8-8B4A-11D0-8D11-00A0C91BC942}") = "ImageProcessing", "ImageProcessing\ImageProcessing.vcxproj", "{C548986E-1143-454B-B106-8F9C56C2B6CB}"
EndProject
Global
	GlobalSection(SolutionConfigurationPlatforms) = preSolution
		Debug|x64 = Debug|x64
		Debug|x86 = Debug|x86
		Release|x64 = Release|x64
		Release|x86 = Release|x86
	EndGlobalSection
	GlobalSection(ProjectConfigurationPlatforms) = postSolution
		{C548986E-1143-454B-B106-8F9C56C2B6CB}.Debug|x64.ActiveCfg = Debug|x64
		{C548986E-1143-454B-B106-8F9C56C2B6CB}.Debug|x64.Build.0 = Debug|x64
		{C548986E-1143-454B-B106-8F9C56C2B6CB}.Debug|x86.ActiveCfg = Debug|Win32
		{C548986E-1143-454B-B106-8F9C56C2B6CB}.Debug|x86.Build.0 = Debug|Win32
		{C548986E-1143-454B-B106-8F9C56C2B6CB}.Release|x64.ActiveCfg = Release|x64
		{C548986E-1143-454B-B106-8F9C56C2B6CB}.Release|x64.Build.0 = Release|x64
		{C548986E-1143-454B-B106-8F9C56C2B6CB}.Release|x86.ActiveCfg = Release|Win32
		{C548986E-1143-454B-B106-8F9C56C2B6CB}.Release|x86.Build.0 = Release|Win32
	EndGlobalSection
	GlobalSection(SolutionProperties) = preSolution
		HideSolutionNode = FALSE
	EndGlobalSection
	GlobalSection(ExtensibilityGlobals) = postSolution
		SolutionGuid = {9E5F4AEF-113B-4CF3-BAEC-961FC343329B}
	EndGlobalSection
EndGlobal
